
Microsoft Visual Studio Solution File, Format Version 12.00
# Visual Studio Version 16
VisualStudioVersion = 16.0.29215.179
MinimumVisualStudioVersion = 10.0.40219.1
Project("{FAE04EC0-301F-11D3-BF4B-00C04F79EFBC}") = "SqlDocument", "SqlDocument\SqlDocument.csproj", "{659F3610-901C-4AB1-B7BB-28D1937EEB46}"
EndProject
Global
	GlobalSection(SolutionConfigurationPlatforms) = preSolution
		Debug|Any CPU = Debug|Any CPU
		Release|Any CPU = Release|Any CPU
	EndGlobalSection
	GlobalSection(ProjectConfigurationPlatforms) = postSolution
		{659F3610-901C-4AB1-B7BB-28D1937EEB46}.Debug|Any CPU.ActiveCfg = Debug|Any CPU
		{659F3610-901C-4AB1-B7BB-28D1937EEB46}.Debug|Any CPU.Build.0 = Debug|Any CPU
		{659F3610-901C-4AB1-B7BB-28D1937EEB46}.Release|Any CPU.ActiveCfg = Release|Any CPU
		{659F3610-901C-4AB1-B7BB-28D1937EEB46}.Release|Any CPU.Build.0 = Release|Any CPU
	EndGlobalSection
	GlobalSection(SolutionProperties) = preSolution
		HideSolutionNode = FALSE
	EndGlobalSection
	GlobalSection(ExtensibilityGlobals) = postSolution
		SolutionGuid = {D765452A-D676-42C9-AB73-5746A6FAF619}
	EndGlobalSection
EndGlobal
